// !$*UTF8*$!
{
	archiveVersion = 1;
	classes = {
	};
	objectVersion = 46;
	objects = {

/* Begin PBXBuildFile section */
		9131BA411A26641A003DF798 /* ResponsiveDemosTableViewController.swift in Sources */ = {isa = PBXBuildFile; fileRef = 9131BA401A26641A003DF798 /* ResponsiveDemosTableViewController.swift */; };
		91456B241A2A9B7C001C0B64 /* PresentPopoverViewController.swift in Sources */ = {isa = PBXBuildFile; fileRef = 91456B231A2A9B7C001C0B64 /* PresentPopoverViewController.swift */; };
		9168D57B1A504FF2007FB8BA /* MostlyFluidViewController.swift in Sources */ = {isa = PBXBuildFile; fileRef = 9168D57A1A504FF2007FB8BA /* MostlyFluidViewController.swift */; };
		91A023FA1A18EB5C00C93464 /* FlexibleFontsTableViewController.swift in Sources */ = {isa = PBXBuildFile; fileRef = 91A023F91A18EB5C00C93464 /* FlexibleFontsTableViewController.swift */; };
		91A023FC1A18F8DE00C93464 /* CustomSubtitleTableViewCell.swift in Sources */ = {isa = PBXBuildFile; fileRef = 91A023FB1A18F8DE00C93464 /* CustomSubtitleTableViewCell.swift */; };
		91AAC8C11A30E627004B6659 /* UIViewControllerExtensions.swift in Sources */ = {isa = PBXBuildFile; fileRef = 91AAC8C01A30E627004B6659 /* UIViewControllerExtensions.swift */; };
		91AAC8C31A311FCB004B6659 /* DetailViewController.swift in Sources */ = {isa = PBXBuildFile; fileRef = 91AAC8C21A311FCB004B6659 /* DetailViewController.swift */; };
		91AAC9091A38826A004B6659 /* StaticCollectionViewController.swift in Sources */ = {isa = PBXBuildFile; fileRef = 91AAC9081A38826A004B6659 /* StaticCollectionViewController.swift */; };
		91AAC90B1A3886A9004B6659 /* StaticCollectionViewDataSource.swift in Sources */ = {isa = PBXBuildFile; fileRef = 91AAC90A1A3886A9004B6659 /* StaticCollectionViewDataSource.swift */; };
		91AAC90D1A38BA84004B6659 /* StaticCollectionViewCell.swift in Sources */ = {isa = PBXBuildFile; fileRef = 91AAC90C1A38BA84004B6659 /* StaticCollectionViewCell.swift */; };
		91B836911A2AA095000FB726 /* PopoverViewController.swift in Sources */ = {isa = PBXBuildFile; fileRef = 91B836901A2AA095000FB726 /* PopoverViewController.swift */; };
		91C1D7C11A18DBC8005C8B85 /* AppDelegate.swift in Sources */ = {isa = PBXBuildFile; fileRef = 91C1D7C01A18DBC8005C8B85 /* AppDelegate.swift */; };
		91C1D7C61A18DBC8005C8B85 /* Main.storyboard in Resources */ = {isa = PBXBuildFile; fileRef = 91C1D7C41A18DBC8005C8B85 /* Main.storyboard */; };
		91C1D7C81A18DBC8005C8B85 /* Images.xcassets in Resources */ = {isa = PBXBuildFile; fileRef = 91C1D7C71A18DBC8005C8B85 /* Images.xcassets */; };
		91C1D7CB1A18DBC8005C8B85 /* LaunchScreen.xib in Resources */ = {isa = PBXBuildFile; fileRef = 91C1D7C91A18DBC8005C8B85 /* LaunchScreen.xib */; };
		91C1D7D71A18DBC8005C8B85 /* ResponsiveDemosTests.swift in Sources */ = {isa = PBXBuildFile; fileRef = 91C1D7D61A18DBC8005C8B85 /* ResponsiveDemosTests.swift */; };
/* End PBXBuildFile section */

/* Begin PBXContainerItemProxy section */
		91C1D7D11A18DBC8005C8B85 /* PBXContainerItemProxy */ = {
			isa = PBXContainerItemProxy;
			containerPortal = 91C1D7B31A18DBC8005C8B85 /* Project object */;
			proxyType = 1;
			remoteGlobalIDString = 91C1D7BA1A18DBC8005C8B85;
			remoteInfo = ResponsiveDemos;
		};
/* End PBXContainerItemProxy section */

/* Begin PBXFileReference section */
		9131BA401A26641A003DF798 /* ResponsiveDemosTableViewController.swift */ = {isa = PBXFileReference; fileEncoding = 4; lastKnownFileType = sourcecode.swift; name = ResponsiveDemosTableViewController.swift; path = Controllers/ResponsiveDemosTableViewController.swift; sourceTree = "<group>"; };
		91456B231A2A9B7C001C0B64 /* PresentPopoverViewController.swift */ = {isa = PBXFileReference; fileEncoding = 4; lastKnownFileType = sourcecode.swift; name = PresentPopoverViewController.swift; path = Controllers/PresentPopoverViewController.swift; sourceTree = "<group>"; };
		9168D57A1A504FF2007FB8BA /* MostlyFluidViewController.swift */ = {isa = PBXFileReference; fileEncoding = 4; lastKnownFileType = sourcecode.swift; name = MostlyFluidViewController.swift; path = Controllers/MostlyFluidViewController.swift; sourceTree = "<group>"; };
		91A023F91A18EB5C00C93464 /* FlexibleFontsTableViewController.swift */ = {isa = PBXFileReference; fileEncoding = 4; lastKnownFileType = sourcecode.swift; name = FlexibleFontsTableViewController.swift; path = Controllers/FlexibleFontsTableViewController.swift; sourceTree = "<group>"; };
		91A023FB1A18F8DE00C93464 /* CustomSubtitleTableViewCell.swift */ = {isa = PBXFileReference; fileEncoding = 4; lastKnownFileType = sourcecode.swift; path = CustomSubtitleTableViewCell.swift; sourceTree = "<group>"; };
		91AAC8C01A30E627004B6659 /* UIViewControllerExtensions.swift */ = {isa = PBXFileReference; fileEncoding = 4; lastKnownFileType = sourcecode.swift; name = UIViewControllerExtensions.swift; path = Extensions/UIViewControllerExtensions.swift; sourceTree = "<group>"; };
		91AAC8C21A311FCB004B6659 /* DetailViewController.swift */ = {isa = PBXFileReference; fileEncoding = 4; lastKnownFileType = sourcecode.swift; name = DetailViewController.swift; path = Controllers/DetailViewController.swift; sourceTree = "<group>"; };
		91AAC9081A38826A004B6659 /* StaticCollectionViewController.swift */ = {isa = PBXFileReference; fileEncoding = 4; lastKnownFileType = sourcecode.swift; name = StaticCollectionViewController.swift; path = Controllers/StaticCollectionViewController.swift; sourceTree = "<group>"; };
		91AAC90A1A3886A9004B6659 /* StaticCollectionViewDataSource.swift */ = {isa = PBXFileReference; fileEncoding = 4; lastKnownFileType = sourcecode.swift; name = StaticCollectionViewDataSource.swift; path = DataSources/StaticCollectionViewDataSource.swift; sourceTree = "<group>"; };
		91AAC90C1A38BA84004B6659 /* StaticCollectionViewCell.swift */ = {isa = PBXFileReference; fileEncoding = 4; lastKnownFileType = sourcecode.swift; path = StaticCollectionViewCell.swift; sourceTree = "<group>"; };
		91B836901A2AA095000FB726 /* PopoverViewController.swift */ = {isa = PBXFileReference; fileEncoding = 4; lastKnownFileType = sourcecode.swift; name = PopoverViewController.swift; path = Controllers/PopoverViewController.swift; sourceTree = "<group>"; };
		91C1D7BB1A18DBC8005C8B85 /* ResponsiveDemos.app */ = {isa = PBXFileReference; explicitFileType = wrapper.application; includeInIndex = 0; path = ResponsiveDemos.app; sourceTree = BUILT_PRODUCTS_DIR; };
		91C1D7BF1A18DBC8005C8B85 /* Info.plist */ = {isa = PBXFileReference; lastKnownFileType = text.plist.xml; path = Info.plist; sourceTree = "<group>"; };
		91C1D7C01A18DBC8005C8B85 /* AppDelegate.swift */ = {isa = PBXFileReference; lastKnownFileType = sourcecode.swift; path = AppDelegate.swift; sourceTree = "<group>"; };
		91C1D7C51A18DBC8005C8B85 /* Base */ = {isa = PBXFileReference; lastKnownFileType = file.storyboard; name = Base; path = Base.lproj/Main.storyboard; sourceTree = "<group>"; };
		91C1D7C71A18DBC8005C8B85 /* Images.xcassets */ = {isa = PBXFileReference; lastKnownFileType = folder.assetcatalog; path = Images.xcassets; sourceTree = "<group>"; };
		91C1D7CA1A18DBC8005C8B85 /* Base */ = {isa = PBXFileReference; lastKnownFileType = file.xib; name = Base; path = Base.lproj/LaunchScreen.xib; sourceTree = "<group>"; };
		91C1D7D01A18DBC8005C8B85 /* ResponsiveDemosTests.xctest */ = {isa = PBXFileReference; explicitFileType = wrapper.cfbundle; includeInIndex = 0; path = ResponsiveDemosTests.xctest; sourceTree = BUILT_PRODUCTS_DIR; };
		91C1D7D51A18DBC8005C8B85 /* Info.plist */ = {isa = PBXFileReference; lastKnownFileType = text.plist.xml; path = Info.plist; sourceTree = "<group>"; };
		91C1D7D61A18DBC8005C8B85 /* ResponsiveDemosTests.swift */ = {isa = PBXFileReference; lastKnownFileType = sourcecode.swift; path = ResponsiveDemosTests.swift; sourceTree = "<group>"; };
/* End PBXFileReference section */

/* Begin PBXFrameworksBuildPhase section */
		91C1D7B81A18DBC8005C8B85 /* Frameworks */ = {
			isa = PBXFrameworksBuildPhase;
			buildActionMask = 2147483647;
			files = (
			);
			runOnlyForDeploymentPostprocessing = 0;
		};
		91C1D7CD1A18DBC8005C8B85 /* Frameworks */ = {
			isa = PBXFrameworksBuildPhase;
			buildActionMask = 2147483647;
			files = (
			);
			runOnlyForDeploymentPostprocessing = 0;
		};
/* End PBXFrameworksBuildPhase section */

/* Begin PBXGroup section */
		91C1D7B21A18DBC8005C8B85 = {
			isa = PBXGroup;
			children = (
				91C1D7BD1A18DBC8005C8B85 /* ResponsiveDemos */,
				91C1D7D31A18DBC8005C8B85 /* ResponsiveDemosTests */,
				91C1D7BC1A18DBC8005C8B85 /* Products */,
			);
			sourceTree = "<group>";
		};
		91C1D7BC1A18DBC8005C8B85 /* Products */ = {
			isa = PBXGroup;
			children = (
				91C1D7BB1A18DBC8005C8B85 /* ResponsiveDemos.app */,
				91C1D7D01A18DBC8005C8B85 /* ResponsiveDemosTests.xctest */,
			);
			name = Products;
			sourceTree = "<group>";
		};
		91C1D7BD1A18DBC8005C8B85 /* ResponsiveDemos */ = {
			isa = PBXGroup;
			children = (
				91EA8C851A60A9B2006F97EA /* Controllers */,
				91C1D7C01A18DBC8005C8B85 /* AppDelegate.swift */,
				91C1D7C41A18DBC8005C8B85 /* Main.storyboard */,
				91EA8C861A60A9F4006F97EA /* DataSources */,
				91EA8C881A60AA4E006F97EA /* Views */,
				91C1D7C71A18DBC8005C8B85 /* Images.xcassets */,
				91C1D7C91A18DBC8005C8B85 /* LaunchScreen.xib */,
				91C1D7BE1A18DBC8005C8B85 /* Supporting Files */,
				91EA8C871A60AA18006F97EA /* Extensions */,
			);
			path = ResponsiveDemos;
			sourceTree = "<group>";
		};
		91C1D7BE1A18DBC8005C8B85 /* Supporting Files */ = {
			isa = PBXGroup;
			children = (
				91C1D7BF1A18DBC8005C8B85 /* Info.plist */,
			);
			name = "Supporting Files";
			sourceTree = "<group>";
		};
		91C1D7D31A18DBC8005C8B85 /* ResponsiveDemosTests */ = {
			isa = PBXGroup;
			children = (
				91C1D7D61A18DBC8005C8B85 /* ResponsiveDemosTests.swift */,
				91C1D7D41A18DBC8005C8B85 /* Supporting Files */,
			);
			path = ResponsiveDemosTests;
			sourceTree = "<group>";
		};
		91C1D7D41A18DBC8005C8B85 /* Supporting Files */ = {
			isa = PBXGroup;
			children = (
				91C1D7D51A18DBC8005C8B85 /* Info.plist */,
			);
			name = "Supporting Files";
			sourceTree = "<group>";
		};
		91EA8C851A60A9B2006F97EA /* Controllers */ = {
			isa = PBXGroup;
			children = (
				9168D57A1A504FF2007FB8BA /* MostlyFluidViewController.swift */,
				91AAC9081A38826A004B6659 /* StaticCollectionViewController.swift */,
				91A023F91A18EB5C00C93464 /* FlexibleFontsTableViewController.swift */,
				9131BA401A26641A003DF798 /* ResponsiveDemosTableViewController.swift */,
				91456B231A2A9B7C001C0B64 /* PresentPopoverViewController.swift */,
				91B836901A2AA095000FB726 /* PopoverViewController.swift */,
				91AAC8C21A311FCB004B6659 /* DetailViewController.swift */,
			);
			name = Controllers;
			sourceTree = "<group>";
		};
		91EA8C861A60A9F4006F97EA /* DataSources */ = {
			isa = PBXGroup;
			children = (
				91AAC90A1A3886A9004B6659 /* StaticCollectionViewDataSource.swift */,
			);
			name = DataSources;
			sourceTree = "<group>";
		};
		91EA8C871A60AA18006F97EA /* Extensions */ = {
			isa = PBXGroup;
			children = (
				91AAC8C01A30E627004B6659 /* UIViewControllerExtensions.swift */,
			);
			name = Extensions;
			sourceTree = "<group>";
		};
		91EA8C881A60AA4E006F97EA /* Views */ = {
			isa = PBXGroup;
			children = (
				91AAC90C1A38BA84004B6659 /* StaticCollectionViewCell.swift */,
				91A023FB1A18F8DE00C93464 /* CustomSubtitleTableViewCell.swift */,
			);
			path = Views;
			sourceTree = "<group>";
		};
/* End PBXGroup section */

/* Begin PBXNativeTarget section */
		91C1D7BA1A18DBC8005C8B85 /* ResponsiveDemos */ = {
			isa = PBXNativeTarget;
			buildConfigurationList = 91C1D7DA1A18DBC8005C8B85 /* Build configuration list for PBXNativeTarget "ResponsiveDemos" */;
			buildPhases = (
				91C1D7B71A18DBC8005C8B85 /* Sources */,
				91C1D7B81A18DBC8005C8B85 /* Frameworks */,
				91C1D7B91A18DBC8005C8B85 /* Resources */,
			);
			buildRules = (
			);
			dependencies = (
			);
			name = ResponsiveDemos;
			productName = ResponsiveDemos;
			productReference = 91C1D7BB1A18DBC8005C8B85 /* ResponsiveDemos.app */;
			productType = "com.apple.product-type.application";
		};
		91C1D7CF1A18DBC8005C8B85 /* ResponsiveDemosTests */ = {
			isa = PBXNativeTarget;
			buildConfigurationList = 91C1D7DD1A18DBC8005C8B85 /* Build configuration list for PBXNativeTarget "ResponsiveDemosTests" */;
			buildPhases = (
				91C1D7CC1A18DBC8005C8B85 /* Sources */,
				91C1D7CD1A18DBC8005C8B85 /* Frameworks */,
				91C1D7CE1A18DBC8005C8B85 /* Resources */,
			);
			buildRules = (
			);
			dependencies = (
				91C1D7D21A18DBC8005C8B85 /* PBXTargetDependency */,
			);
			name = ResponsiveDemosTests;
			productName = ResponsiveDemosTests;
			productReference = 91C1D7D01A18DBC8005C8B85 /* ResponsiveDemosTests.xctest */;
			productType = "com.apple.product-type.bundle.unit-test";
		};
/* End PBXNativeTarget section */

/* Begin PBXProject section */
		91C1D7B31A18DBC8005C8B85 /* Project object */ = {
			isa = PBXProject;
			attributes = {
				LastUpgradeCheck = 0610;
				ORGANIZATIONNAME = "Brad Broulik";
				TargetAttributes = {
					91C1D7BA1A18DBC8005C8B85 = {
						CreatedOnToolsVersion = 6.1;
					};
					91C1D7CF1A18DBC8005C8B85 = {
						CreatedOnToolsVersion = 6.1;
						TestTargetID = 91C1D7BA1A18DBC8005C8B85;
					};
				};
			};
			buildConfigurationList = 91C1D7B61A18DBC8005C8B85 /* Build configuration list for PBXProject "ResponsiveDemos" */;
			compatibilityVersion = "Xcode 3.2";
			developmentRegion = English;
			hasScannedForEncodings = 0;
			knownRegions = (
				en,
				Base,
			);
			mainGroup = 91C1D7B21A18DBC8005C8B85;
			productRefGroup = 91C1D7BC1A18DBC8005C8B85 /* Products */;
			projectDirPath = "";
			projectRoot = "";
			targets = (
				91C1D7BA1A18DBC8005C8B85 /* ResponsiveDemos */,
				91C1D7CF1A18DBC8005C8B85 /* ResponsiveDemosTests */,
			);
		};
/* End PBXProject section */

/* Begin PBXResourcesBuildPhase section */
		91C1D7B91A18DBC8005C8B85 /* Resources */ = {
			isa = PBXResourcesBuildPhase;
			buildActionMask = 2147483647;
			files = (
				91C1D7C61A18DBC8005C8B85 /* Main.storyboard in Resources */,
				91C1D7CB1A18DBC8005C8B85 /* LaunchScreen.xib in Resources */,
				91C1D7C81A18DBC8005C8B85 /* Images.xcassets in Resources */,
			);
			runOnlyForDeploymentPostprocessing = 0;
		};
		91C1D7CE1A18DBC8005C8B85 /* Resources */ = {
			isa = PBXResourcesBuildPhase;
			buildActionMask = 2147483647;
			files = (
			);
			runOnlyForDeploymentPostprocessing = 0;
		};
/* End PBXResourcesBuildPhase section */

/* Begin PBXSourcesBuildPhase section */
		91C1D7B71A18DBC8005C8B85 /* Sources */ = {
			isa = PBXSourcesBuildPhase;
			buildActionMask = 2147483647;
			files = (
				91B836911A2AA095000FB726 /* PopoverViewController.swift in Sources */,
				9168D57B1A504FF2007FB8BA /* MostlyFluidViewController.swift in Sources */,
				91AAC9091A38826A004B6659 /* StaticCollectionViewController.swift in Sources */,
				91AAC8C11A30E627004B6659 /* UIViewControllerExtensions.swift in Sources */,
				91AAC90B1A3886A9004B6659 /* StaticCollectionViewDataSource.swift in Sources */,
				91AAC90D1A38BA84004B6659 /* StaticCollectionViewCell.swift in Sources */,
				9131BA411A26641A003DF798 /* ResponsiveDemosTableViewController.swift in Sources */,
				91456B241A2A9B7C001C0B64 /* PresentPopoverViewController.swift in Sources */,
				91C1D7C11A18DBC8005C8B85 /* AppDelegate.swift in Sources */,
				91A023FA1A18EB5C00C93464 /* FlexibleFontsTableViewController.swift in Sources */,
				91A023FC1A18F8DE00C93464 /* CustomSubtitleTableViewCell.swift in Sources */,
				91AAC8C31A311FCB004B6659 /* DetailViewController.swift in Sources */,
			);
			runOnlyForDeploymentPostprocessing = 0;
		};
		91C1D7CC1A18DBC8005C8B85 /* Sources */ = {
			isa = PBXSourcesBuildPhase;
			buildActionMask = 2147483647;
			files = (
				91C1D7D71A18DBC8005C8B85 /* ResponsiveDemosTests.swift in Sources */,
			);
			runOnlyForDeploymentPostprocessing = 0;
		};
/* End PBXSourcesBuildPhase section */

/* Begin PBXTargetDependency section */
		91C1D7D21A18DBC8005C8B85 /* PBXTargetDependency */ = {
			isa = PBXTargetDependency;
			target = 91C1D7BA1A18DBC8005C8B85 /* ResponsiveDemos */;
			targetProxy = 91C1D7D11A18DBC8005C8B85 /* PBXContainerItemProxy */;
		};
/* End PBXTargetDependency section */

/* Begin PBXVariantGroup section */
		91C1D7C41A18DBC8005C8B85 /* Main.storyboard */ = {
			isa = PBXVariantGroup;
			children = (
				91C1D7C51A18DBC8005C8B85 /* Base */,
			);
			name = Main.storyboard;
			sourceTree = "<group>";
		};
		91C1D7C91A18DBC8005C8B85 /* LaunchScreen.xib */ = {
			isa = PBXVariantGroup;
			children = (
				91C1D7CA1A18DBC8005C8B85 /* Base */,
			);
			name = LaunchScreen.xib;
			sourceTree = "<group>";
		};
/* End PBXVariantGroup section */

/* Begin XCBuildConfiguration section */
		91C1D7D81A18DBC8005C8B85 /* Debug */ = {
			isa = XCBuildConfiguration;
			buildSettings = {
				ALWAYS_SEARCH_USER_PATHS = NO;
				CLANG_CXX_LANGUAGE_STANDARD = "gnu++0x";
				CLANG_CXX_LIBRARY = "libc++";
				CLANG_ENABLE_MODULES = YES;
				CLANG_ENABLE_OBJC_ARC = YES;
				CLANG_WARN_BOOL_CONVERSION = YES;
				CLANG_WARN_CONSTANT_CONVERSION = YES;
				CLANG_WARN_DIRECT_OBJC_ISA_USAGE = YES_ERROR;
				CLANG_WARN_EMPTY_BODY = YES;
				CLANG_WARN_ENUM_CONVERSION = YES;
				CLANG_WARN_INT_CONVERSION = YES;
				CLANG_WARN_OBJC_ROOT_CLASS = YES_ERROR;
				CLANG_WARN_UNREACHABLE_CODE = YES;
				CLANG_WARN__DUPLICATE_METHOD_MATCH = YES;
				"CODE_SIGN_IDENTITY[sdk=iphoneos*]" = "iPhone Developer";
				COPY_PHASE_STRIP = NO;
				ENABLE_STRICT_OBJC_MSGSEND = YES;
				GCC_C_LANGUAGE_STANDARD = gnu99;
				GCC_DYNAMIC_NO_PIC = NO;
				GCC_OPTIMIZATION_LEVEL = 0;
				GCC_PREPROCESSOR_DEFINITIONS = (
					"DEBUG=1",
					"$(inherited)",
				);
				GCC_SYMBOLS_PRIVATE_EXTERN = NO;
				GCC_WARN_64_TO_32_BIT_CONVERSION = YES;
				GCC_WARN_ABOUT_RETURN_TYPE = YES_ERROR;
				GCC_WARN_UNDECLARED_SELECTOR = YES;
				GCC_WARN_UNINITIALIZED_AUTOS = YES_AGGRESSIVE;
				GCC_WARN_UNUSED_FUNCTION = YES;
				GCC_WARN_UNUSED_VARIABLE = YES;
				IPHONEOS_DEPLOYMENT_TARGET = 8.1;
				MTL_ENABLE_DEBUG_INFO = YES;
				ONLY_ACTIVE_ARCH = YES;
				SDKROOT = iphoneos;
				SWIFT_OPTIMIZATION_LEVEL = "-Onone";
				TARGETED_DEVICE_FAMILY = "1,2";
			};
			name = Debug;
		};
		91C1D7D91A18DBC8005C8B85 /* Release */ = {
			isa = XCBuildConfiguration;
			buildSettings = {
				ALWAYS_SEARCH_USER_PATHS = NO;
				CLANG_CXX_LANGUAGE_STANDARD = "gnu++0x";
				CLANG_CXX_LIBRARY = "libc++";
				CLANG_ENABLE_MODULES = YES;
				CLANG_ENABLE_OBJC_ARC = YES;
				CLANG_WARN_BOOL_CONVERSION = YES;
				CLANG_WARN_CONSTANT_CONVERSION = YES;
				CLANG_WARN_DIRECT_OBJC_ISA_USAGE = YES_ERROR;
				CLANG_WARN_EMPTY_BODY = YES;
				CLANG_WARN_ENUM_CONVERSION = YES;
				CLANG_WARN_INT_CONVERSION = YES;
				CLANG_WARN_OBJC_ROOT_CLASS = YES_ERROR;
				CLANG_WARN_UNREACHABLE_CODE = YES;
				CLANG_WARN__DUPLICATE_METHOD_MATCH = YES;
				"CODE_SIGN_IDENTITY[sdk=iphoneos*]" = "iPhone Developer";
				COPY_PHASE_STRIP = YES;
				ENABLE_NS_ASSERTIONS = NO;
				ENABLE_STRICT_OBJC_MSGSEND = YES;
				GCC_C_LANGUAGE_STANDARD = gnu99;
				GCC_WARN_64_TO_32_BIT_CONVERSION = YES;
				GCC_WARN_ABOUT_RETURN_TYPE = YES_ERROR;
				GCC_WARN_UNDECLARED_SELECTOR = YES;
				GCC_WARN_UNINITIALIZED_AUTOS = YES_AGGRESSIVE;
				GCC_WARN_UNUSED_FUNCTION = YES;
				GCC_WARN_UNUSED_VARIABLE = YES;
				IPHONEOS_DEPLOYMENT_TARGET = 8.1;
				MTL_ENABLE_DEBUG_INFO = NO;
				SDKROOT = iphoneos;
				TARGETED_DEVICE_FAMILY = "1,2";
				VALIDATE_PRODUCT = YES;
			};
			name = Release;
		};
		91C1D7DB1A18DBC8005C8B85 /* Debug */ = {
			isa = XCBuildConfiguration;
			buildSettings = {
				ASSETCATALOG_COMPILER_APPICON_NAME = AppIcon;
				INFOPLIST_FILE = ResponsiveDemos/Info.plist;
				LD_RUNPATH_SEARCH_PATHS = "$(inherited) @executable_path/Frameworks";
				PRODUCT_NAME = ResponsiveDemos;
			};
			name = Debug;
		};
		91C1D7DC1A18DBC8005C8B85 /* Release */ = {
			isa = XCBuildConfiguration;
			buildSettings = {
				ASSETCATALOG_COMPILER_APPICON_NAME = AppIcon;
				INFOPLIST_FILE = ResponsiveDemos/Info.plist;
				LD_RUNPATH_SEARCH_PATHS = "$(inherited) @executable_path/Frameworks";
				PRODUCT_NAME = ResponsiveDemos;
			};
			name = Release;
		};
		91C1D7DE1A18DBC8005C8B85 /* Debug */ = {
			isa = XCBuildConfiguration;
			buildSettings = {
				BUNDLE_LOADER = "$(TEST_HOST)";
				FRAMEWORK_SEARCH_PATHS = (
					"$(SDKROOT)/Developer/Library/Frameworks",
					"$(inherited)",
				);
				GCC_PREPROCESSOR_DEFINITIONS = (
					"DEBUG=1",
					"$(inherited)",
				);
				INFOPLIST_FILE = ResponsiveDemosTests/Info.plist;
				LD_RUNPATH_SEARCH_PATHS = "$(inherited) @executable_path/Frameworks @loader_path/Frameworks";
				PRODUCT_NAME = ResponsiveDemosTests;
				TEST_HOST = "$(BUILT_PRODUCTS_DIR)/ResponsiveDemos.app/ResponsiveDemos";
			};
			name = Debug;
		};
		91C1D7DF1A18DBC8005C8B85 /* Release */ = {
			isa = XCBuildConfiguration;
			buildSettings = {
				BUNDLE_LOADER = "$(TEST_HOST)";
				FRAMEWORK_SEARCH_PATHS = (
					"$(SDKROOT)/Developer/Library/Frameworks",
					"$(inherited)",
				);
				INFOPLIST_FILE = ResponsiveDemosTests/Info.plist;
				LD_RUNPATH_SEARCH_PATHS = "$(inherited) @executable_path/Frameworks @loader_path/Frameworks";
				PRODUCT_NAME = ResponsiveDemosTests;
				TEST_HOST = "$(BUILT_PRODUCTS_DIR)/ResponsiveDemos.app/ResponsiveDemos";
			};
			name = Release;
		};
/* End XCBuildConfiguration section */

/* Begin XCConfigurationList section */
		91C1D7B61A18DBC8005C8B85 /* Build configuration list for PBXProject "ResponsiveDemos" */ = {
			isa = XCConfigurationList;
			buildConfigurations = (
				91C1D7D81A18DBC8005C8B85 /* Debug */,
				91C1D7D91A18DBC8005C8B85 /* Release */,
			);
			defaultConfigurationIsVisible = 0;
			defaultConfigurationName = Release;
		};
		91C1D7DA1A18DBC8005C8B85 /* Build configuration list for PBXNativeTarget "ResponsiveDemos" */ = {
			isa = XCConfigurationList;
			buildConfigurations = (
				91C1D7DB1A18DBC8005C8B85 /* Debug */,
				91C1D7DC1A18DBC8005C8B85 /* Release */,
			);
			defaultConfigurationIsVisible = 0;
			defaultConfigurationName = Release;
		};
		91C1D7DD1A18DBC8005C8B85 /* Build configuration list for PBXNativeTarget "ResponsiveDemosTests" */ = {
			isa = XCConfigurationList;
			buildConfigurations = (
				91C1D7DE1A18DBC8005C8B85 /* Debug */,
				91C1D7DF1A18DBC8005C8B85 /* Release */,
			);
			defaultConfigurationIsVisible = 0;
			defaultConfigurationName = Release;
		};
/* End XCConfigurationList section */
	};
	rootObject = 91C1D7B31A18DBC8005C8B85 /* Project object */;
}
